# This file is automatically @generated by Cargo.
# It is not intended for manual editing.
version = 4

[[package]]
name = "kin-chat"
version = "0.0.1"
dependencies = [
 "kin-crypto",
 "kin-identity",
 "kin-transport",
]

[[package]]
name = "kin-cli"
version = "0.0.1"
dependencies = [
 "kin-chat",
 "kin-crypto",
 "kin-identity",
 "kin-overlay",
 "kin-transport",
]

[[package]]
name = "kin-crypto"
version = "0.0.1"
dependencies = [
 "kin-identity",
]

[[package]]
name = "kin-identity"
version = "0.0.1"

[[package]]
name = "kin-overlay"
version = "0.0.1"
dependencies = [
 "kin-identity",
 "kin-transport",
]

[[package]]
name = "kin-transport"
version = "0.0.1"
dependencies = [
 "kin-identity",
]
